
Microsoft Visual Studio Solution File, Format Version 12.00
# Visual Studio Version 17
VisualStudioVersion = 17.1.32328.378
MinimumVisualStudioVersion = 10.0.40219.1
Project("{9A19103F-16F7-4668-BE54-9A1E7A4F7556}") = "dotNetMentoringProgram_WebApi", "dotNetMentoringProgram_WebApi\dotNetMentoringProgram_WebApi.csproj", "{5582BF9B-B851-47E5-BB24-B9F69AC7E019}"
EndProject
Project("{FAE04EC0-301F-11D3-BF4B-00C04F79EFBC}") = "dotNetMentoringProgram_WebApi.Tests", "dotNetMentoringProgram_WebApi.Tests\dotNetMentoringProgram_WebApi.Tests.csproj", "{824D1CF0-2183-4010-932D-04D0E87E0025}"
EndProject
Global
	GlobalSection(SolutionConfigurationPlatforms) = preSolution
		Debug|Any CPU = Debug|Any CPU
		Release|Any CPU = Release|Any CPU
	EndGlobalSection
	GlobalSection(ProjectConfigurationPlatforms) = postSolution
		{5582BF9B-B851-47E5-BB24-B9F69AC7E019}.Debug|Any CPU.ActiveCfg = Debug|Any CPU
		{5582BF9B-B851-47E5-BB24-B9F69AC7E019}.Debug|Any CPU.Build.0 = Debug|Any CPU
		{5582BF9B-B851-47E5-BB24-B9F69AC7E019}.Release|Any CPU.ActiveCfg = Release|Any CPU
		{5582BF9B-B851-47E5-BB24-B9F69AC7E019}.Release|Any CPU.Build.0 = Release|Any CPU
		{824D1CF0-2183-4010-932D-04D0E87E0025}.Debug|Any CPU.ActiveCfg = Debug|Any CPU
		{824D1CF0-2183-4010-932D-04D0E87E0025}.Debug|Any CPU.Build.0 = Debug|Any CPU
		{824D1CF0-2183-4010-932D-04D0E87E0025}.Release|Any CPU.ActiveCfg = Release|Any CPU
		{824D1CF0-2183-4010-932D-04D0E87E0025}.Release|Any CPU.Build.0 = Release|Any CPU
	EndGlobalSection
	GlobalSection(SolutionProperties) = preSolution
		HideSolutionNode = FALSE
	EndGlobalSection
	GlobalSection(ExtensibilityGlobals) = postSolution
		SolutionGuid = {149B0F98-2F03-412D-9A03-83FB7E2F649A}
	EndGlobalSection
EndGlobal
